{
  "name": "wencorgizattack",
  "version": "1.0.0",
  "lockfileVersion": 2,
  "requires": true,
  "packages": {
    "": {
      "name": "wencorgizattack",
      "version": "1.0.0",
      "license": "MIT",
      "dependencies": {
        "fuzzyset": "^1.0.7",
        "fuzzyset.js": "^1.0.7"
      }
    },
    "node_modules/fuzzyset": {
      "version": "1.0.7",
      "resolved": "https://registry.npmjs.org/fuzzyset/-/fuzzyset-1.0.7.tgz",
      "integrity": "sha512-RjcvWPK6v+FHwierTqnjXjtF6fgZCOVucORlOt4ZEJRrHUqt4tRiCIzg1Zm0XMSAZGMTBCSHPx4IgdBH3m0VZg==",
      "engines": {
        "node": ">= 0.4.0"
      },
      "funding": {
        "type": "License Zero",
        "url": "https://licensezero.com/offers/562c0ffe-df98-4348-87b7-e60e3c37c534"
      }
    },
    "node_modules/fuzzyset.js": {
      "version": "1.0.7",
      "resolved": "https://registry.npmjs.org/fuzzyset.js/-/fuzzyset.js-1.0.7.tgz",
      "integrity": "sha512-SmfOVSiPjbyC17m1i86wFq+jmkGioqlY/amT6RZzq4hPTGJFWFF2voUe88zrq/zDbehFnSJFtu6kqTUCw1caKQ==",
      "engines": {
        "node": ">= 0.4.0"
      },
      "funding": {
        "type": "License Zero",
        "url": "https://licensezero.com/offers/562c0ffe-df98-4348-87b7-e60e3c37c534"
      }
    }
  },
  "dependencies": {
    "fuzzyset": {
      "version": "1.0.7",
      "resolved": "https://registry.npmjs.org/fuzzyset/-/fuzzyset-1.0.7.tgz",
      "integrity": "sha512-RjcvWPK6v+FHwierTqnjXjtF6fgZCOVucORlOt4ZEJRrHUqt4tRiCIzg1Zm0XMSAZGMTBCSHPx4IgdBH3m0VZg=="
    },
    "fuzzyset.js": {
      "version": "1.0.7",
      "resolved": "https://registry.npmjs.org/fuzzyset.js/-/fuzzyset.js-1.0.7.tgz",
      "integrity": "sha512-SmfOVSiPjbyC17m1i86wFq+jmkGioqlY/amT6RZzq4hPTGJFWFF2voUe88zrq/zDbehFnSJFtu6kqTUCw1caKQ=="
    }
  }
}
